{
  "version": 1,
  "dependencies": {
    "net10.0-windows10.0.17763": {
      "FFmpegFreeUI.Ext.PluginSdk": {
        "type": "Direct",
        "requested": "[2.5.0, 2.5.0]",
        "resolved": "2.5.0",
        "contentHash": "xE4UGgiuoPn9ozx73aeSA1yjWeuov7yJezpjd7gKwEXLqNrWrbGpshgOQtRMFofPibyw63viMNharMpGeOP3qg=="
      },
      "ILRepack.Lib.MSBuild.Task": {
        "type": "Direct",
        "requested": "[2.0.48, 2.0.48]",
        "resolved": "2.0.48",
        "contentHash": "vI+Jivcy1/eIFAXC5Kxa9K4OTQIiD69eqOuCh6ulWX7/kGlACKFB/csrSVqt7b08XxoAIMn96tJxLXe3TkDEqg=="
      },
      "LakeUI": {
        "type": "Direct",
        "requested": "[5.112.0, 5.112.0]",
        "resolved": "5.112.0",
        "contentHash": "MNAKsD4JeLnDJKTM6JAkp60xDjumhspEcJwcj5adTucMtI2UW6A5Bl76nnpChGoJSG7jR3Mz1Aip45kSwYRXlw==",
        "dependencies": {
          "Vortice.Direct2D1": "3.8.3",
          "Vortice.Direct3D11": "3.8.3",
          "Vortice.DirectComposition": "3.8.3"
        }
      },
      "SharpCompress": {
        "type": "Transitive",
        "resolved": "0.50.3",
        "contentHash": "xxpO3UQ7JTtl2CjsCLZqvThjGx7ETcgH93CuzOGnTrspG5C3NmMnTIvyUG3YRh3hSysQm3UQEiXBKF3zOmKPwQ=="
      },
      "SharpGen.Runtime": {
        "type": "Transitive",
        "resolved": "2.4.2-beta",
        "contentHash": "niTtWAUov1F7wZGAlVeEvW+Tnqvg5yTmhI7rxmYu2Utoyu2TbC9tWWpUpMs0PQg5lu5svoYpCAztNjxCqMFP/w=="
      },
      "SharpGen.Runtime.COM": {
        "type": "Transitive",
        "resolved": "2.4.2-beta",
        "contentHash": "9lxDFMiepqo3lJQzMSjECCIONeCc2f3Drokgj6HtrTLZcJSftNgcLbD6/iXYj2iphkwgrZb1oLsDOZxoFZkawQ==",
        "dependencies": {
          "SharpGen.Runtime": "2.4.2-beta"
        }
      },
      "Vortice.Direct2D1": {
        "type": "Transitive",
        "resolved": "3.8.3",
        "contentHash": "SDHEmNUT3A4P8yj+g7q3AnRZ9fvqOOe/EoWjsgkHlQ3C9Tkc51rTeZXC9bQPySli+/lFTui8vMs9tpWZqf+AwQ==",
        "dependencies": {
          "SharpGen.Runtime": "2.4.2-beta",
          "Vortice.DXGI": "3.8.3"
        }
      },
      "Vortice.Direct3D11": {
        "type": "Transitive",
        "resolved": "3.8.3",
        "contentHash": "JgFUswu2mgrSwcd0KRF2AnfeE5VbMEgcicmxPD1g2yXyomPIHbnX3wldBNHPOzzD0URC1WJ/pO1ymfi3imZwvg==",
        "dependencies": {
          "SharpGen.Runtime": "2.4.2-beta",
          "Vortice.DXGI": "3.8.3"
        }
      },
      "Vortice.DirectComposition": {
        "type": "Transitive",
        "resolved": "3.8.3",
        "contentHash": "2/QD9K9UC7z/2FgK8/gVyySfMppwOz006+9eMtrcEbsTwYNxBxJGCeY09oM8Mr7CLOVY581sg89lIES+2URd6A==",
        "dependencies": {
          "SharpGen.Runtime": "2.4.2-beta",
          "Vortice.DXGI": "3.8.3",
          "Vortice.Direct2D1": "3.8.3",
          "Vortice.DirectX": "3.8.3"
        }
      },
      "Vortice.DirectX": {
        "type": "Transitive",
        "resolved": "3.8.3",
        "contentHash": "nKwSavv0w5rDF7prSefqAVPDcTyqrfZxKFMVfttiXPfm62VdA/1d+b3PhCZpW4xO7jXczXDwjQdWgD1zGsvM8w==",
        "dependencies": {
          "SharpGen.Runtime": "2.4.2-beta",
          "SharpGen.Runtime.COM": "2.4.2-beta",
          "Vortice.Mathematics": "2.1.0"
        }
      },
      "Vortice.DXGI": {
        "type": "Transitive",
        "resolved": "3.8.3",
        "contentHash": "MbAUnTeQ6WD99ctAdrj5CQO2I7oaax0Kt2eVdWSUj0bYP9Ed0726+s7dIHe4+tqhpmINW/dcPt0mNtc72o+E0w==",
        "dependencies": {
          "SharpGen.Runtime": "2.4.2-beta",
          "Vortice.DirectX": "3.8.3"
        }
      },
      "Vortice.Mathematics": {
        "type": "Transitive",
        "resolved": "2.1.0",
        "contentHash": "KK+SjNSuKdP+zbavekubi+vaeb1Jo4k87ZF6CMkVWjr6RjJwc8peVtmgzXXDIMy4ZC3ZISyk3llY3q65ISOkBQ=="
      },
      "videoenhancer.backend": {
        "type": "Project",
        "dependencies": {
          "SharpCompress": "[0.50.3, 0.50.3]"
        }
      }
    }
  }
}